
Microsoft Visual Studio Solution File, Format Version 12.00
# Visual Studio Version 17
VisualStudioVersion = 17.0.31903.59
MinimumVisualStudioVersion = 10.0.40219.1
Project("{2150E333-8FDC-42A3-9474-1A3956D46DE8}") = "packages", "packages", "{B28C77F8-3501-49B9-BF30-28B9374FFBDE}"
EndProject
Project("{FAE04EC0-301F-11D3-BF4B-00C04F79EFBC}") = "SharedKernel", "packages\SharedKernel\SharedKernel.csproj", "{3891503E-DA16-4184-ACC2-B7D554F9C76E}"
EndProject
Project("{2150E333-8FDC-42A3-9474-1A3956D46DE8}") = "services", "services", "{0068A099-ED2D-482E-86A2-55160AD80FA5}"
EndProject
Project("{FAE04EC0-301F-11D3-BF4B-00C04F79EFBC}") = "TenantService", "services\TenantService\TenantService.csproj", "{D071E756-EDE1-4B97-BC2E-E3DA29F480D9}"
EndProject
Project("{FAE04EC0-301F-11D3-BF4B-00C04F79EFBC}") = "IdentityService", "services\IdentityService\IdentityService.csproj", "{E83F6BD7-466F-4A2F-BAAE-A59DE9540A5E}"
EndProject
Project("{FAE04EC0-301F-11D3-BF4B-00C04F79EFBC}") = "CatalogService", "services\CatalogService\CatalogService.csproj", "{A06B168F-061E-4AB4-A63E-BAEF7D148E16}"
EndProject
Project("{FAE04EC0-301F-11D3-BF4B-00C04F79EFBC}") = "OrderService", "services\OrderService\OrderService.csproj", "{0959FAC9-1874-4624-877B-C5CC9B98C1B9}"
EndProject
Project("{FAE04EC0-301F-11D3-BF4B-00C04F79EFBC}") = "ReservationsService", "services\ReservationsService\ReservationsService.csproj", "{62443F4A-4C30-42A7-A1C2-60B0159DC2A6}"
EndProject
Project("{2150E333-8FDC-42A3-9474-1A3956D46DE8}") = "tests", "tests", "{C02BB074-D62D-4869-ABE2-DBD480FED14A}"
EndProject
Project("{FAE04EC0-301F-11D3-BF4B-00C04F79EFBC}") = "TenantService.Tests", "tests\TenantService.Tests\TenantService.Tests.csproj", "{BA07C009-9707-46F1-BCD6-5B0DB8F945F9}"
EndProject
Project("{FAE04EC0-301F-11D3-BF4B-00C04F79EFBC}") = "IdentityService.Tests", "tests\IdentityService.Tests\IdentityService.Tests.csproj", "{2D128F49-F5E7-4157-96E0-3CDB5E74C901}"
EndProject
Project("{FAE04EC0-301F-11D3-BF4B-00C04F79EFBC}") = "CatalogService.Tests", "tests\CatalogService.Tests\CatalogService.Tests.csproj", "{1604C5F4-490A-4383-B1BB-C51B92DD769B}"
EndProject
Project("{FAE04EC0-301F-11D3-BF4B-00C04F79EFBC}") = "OrderService.Tests", "tests\OrderService.Tests\OrderService.Tests.csproj", "{29CAE14B-F733-4EE8-B635-3D90750CF526}"
EndProject
Project("{FAE04EC0-301F-11D3-BF4B-00C04F79EFBC}") = "ReservationsService.Tests", "tests\ReservationsService.Tests\ReservationsService.Tests.csproj", "{A595927B-552D-4D6B-A3E0-37918408AA97}"
EndProject
Global
	GlobalSection(SolutionConfigurationPlatforms) = preSolution
		Debug|Any CPU = Debug|Any CPU
		Release|Any CPU = Release|Any CPU
	EndGlobalSection
	GlobalSection(SolutionProperties) = preSolution
		HideSolutionNode = FALSE
	EndGlobalSection
	GlobalSection(ProjectConfigurationPlatforms) = postSolution
		{3891503E-DA16-4184-ACC2-B7D554F9C76E}.Debug|Any CPU.ActiveCfg = Debug|Any CPU
		{3891503E-DA16-4184-ACC2-B7D554F9C76E}.Debug|Any CPU.Build.0 = Debug|Any CPU
		{3891503E-DA16-4184-ACC2-B7D554F9C76E}.Release|Any CPU.ActiveCfg = Release|Any CPU
		{3891503E-DA16-4184-ACC2-B7D554F9C76E}.Release|Any CPU.Build.0 = Release|Any CPU
		{D071E756-EDE1-4B97-BC2E-E3DA29F480D9}.Debug|Any CPU.ActiveCfg = Debug|Any CPU
		{D071E756-EDE1-4B97-BC2E-E3DA29F480D9}.Debug|Any CPU.Build.0 = Debug|Any CPU
		{D071E756-EDE1-4B97-BC2E-E3DA29F480D9}.Release|Any CPU.ActiveCfg = Release|Any CPU
		{D071E756-EDE1-4B97-BC2E-E3DA29F480D9}.Release|Any CPU.Build.0 = Release|Any CPU
		{E83F6BD7-466F-4A2F-BAAE-A59DE9540A5E}.Debug|Any CPU.ActiveCfg = Debug|Any CPU
		{E83F6BD7-466F-4A2F-BAAE-A59DE9540A5E}.Debug|Any CPU.Build.0 = Debug|Any CPU
		{E83F6BD7-466F-4A2F-BAAE-A59DE9540A5E}.Release|Any CPU.ActiveCfg = Release|Any CPU
		{E83F6BD7-466F-4A2F-BAAE-A59DE9540A5E}.Release|Any CPU.Build.0 = Release|Any CPU
		{A06B168F-061E-4AB4-A63E-BAEF7D148E16}.Debug|Any CPU.ActiveCfg = Debug|Any CPU
		{A06B168F-061E-4AB4-A63E-BAEF7D148E16}.Debug|Any CPU.Build.0 = Debug|Any CPU
		{A06B168F-061E-4AB4-A63E-BAEF7D148E16}.Release|Any CPU.ActiveCfg = Release|Any CPU
		{A06B168F-061E-4AB4-A63E-BAEF7D148E16}.Release|Any CPU.Build.0 = Release|Any CPU
		{0959FAC9-1874-4624-877B-C5CC9B98C1B9}.Debug|Any CPU.ActiveCfg = Debug|Any CPU
		{0959FAC9-1874-4624-877B-C5CC9B98C1B9}.Debug|Any CPU.Build.0 = Debug|Any CPU
		{0959FAC9-1874-4624-877B-C5CC9B98C1B9}.Release|Any CPU.ActiveCfg = Release|Any CPU
		{0959FAC9-1874-4624-877B-C5CC9B98C1B9}.Release|Any CPU.Build.0 = Release|Any CPU
		{62443F4A-4C30-42A7-A1C2-60B0159DC2A6}.Debug|Any CPU.ActiveCfg = Debug|Any CPU
		{62443F4A-4C30-42A7-A1C2-60B0159DC2A6}.Debug|Any CPU.Build.0 = Debug|Any CPU
		{62443F4A-4C30-42A7-A1C2-60B0159DC2A6}.Release|Any CPU.ActiveCfg = Release|Any CPU
		{62443F4A-4C30-42A7-A1C2-60B0159DC2A6}.Release|Any CPU.Build.0 = Release|Any CPU
		{BA07C009-9707-46F1-BCD6-5B0DB8F945F9}.Debug|Any CPU.ActiveCfg = Debug|Any CPU
		{BA07C009-9707-46F1-BCD6-5B0DB8F945F9}.Debug|Any CPU.Build.0 = Debug|Any CPU
		{BA07C009-9707-46F1-BCD6-5B0DB8F945F9}.Release|Any CPU.ActiveCfg = Release|Any CPU
		{BA07C009-9707-46F1-BCD6-5B0DB8F945F9}.Release|Any CPU.Build.0 = Release|Any CPU
		{2D128F49-F5E7-4157-96E0-3CDB5E74C901}.Debug|Any CPU.ActiveCfg = Debug|Any CPU
		{2D128F49-F5E7-4157-96E0-3CDB5E74C901}.Debug|Any CPU.Build.0 = Debug|Any CPU
		{2D128F49-F5E7-4157-96E0-3CDB5E74C901}.Release|Any CPU.ActiveCfg = Release|Any CPU
		{2D128F49-F5E7-4157-96E0-3CDB5E74C901}.Release|Any CPU.Build.0 = Release|Any CPU
		{1604C5F4-490A-4383-B1BB-C51B92DD769B}.Debug|Any CPU.ActiveCfg = Debug|Any CPU
		{1604C5F4-490A-4383-B1BB-C51B92DD769B}.Debug|Any CPU.Build.0 = Debug|Any CPU
		{1604C5F4-490A-4383-B1BB-C51B92DD769B}.Release|Any CPU.ActiveCfg = Release|Any CPU
		{1604C5F4-490A-4383-B1BB-C51B92DD769B}.Release|Any CPU.Build.0 = Release|Any CPU
		{29CAE14B-F733-4EE8-B635-3D90750CF526}.Debug|Any CPU.ActiveCfg = Debug|Any CPU
		{29CAE14B-F733-4EE8-B635-3D90750CF526}.Debug|Any CPU.Build.0 = Debug|Any CPU
		{29CAE14B-F733-4EE8-B635-3D90750CF526}.Release|Any CPU.ActiveCfg = Release|Any CPU
		{29CAE14B-F733-4EE8-B635-3D90750CF526}.Release|Any CPU.Build.0 = Release|Any CPU
		{A595927B-552D-4D6B-A3E0-37918408AA97}.Debug|Any CPU.ActiveCfg = Debug|Any CPU
		{A595927B-552D-4D6B-A3E0-37918408AA97}.Debug|Any CPU.Build.0 = Debug|Any CPU
		{A595927B-552D-4D6B-A3E0-37918408AA97}.Release|Any CPU.ActiveCfg = Release|Any CPU
		{A595927B-552D-4D6B-A3E0-37918408AA97}.Release|Any CPU.Build.0 = Release|Any CPU
	EndGlobalSection
	GlobalSection(NestedProjects) = preSolution
		{3891503E-DA16-4184-ACC2-B7D554F9C76E} = {B28C77F8-3501-49B9-BF30-28B9374FFBDE}
		{D071E756-EDE1-4B97-BC2E-E3DA29F480D9} = {0068A099-ED2D-482E-86A2-55160AD80FA5}
		{E83F6BD7-466F-4A2F-BAAE-A59DE9540A5E} = {0068A099-ED2D-482E-86A2-55160AD80FA5}
		{A06B168F-061E-4AB4-A63E-BAEF7D148E16} = {0068A099-ED2D-482E-86A2-55160AD80FA5}
		{0959FAC9-1874-4624-877B-C5CC9B98C1B9} = {0068A099-ED2D-482E-86A2-55160AD80FA5}
		{62443F4A-4C30-42A7-A1C2-60B0159DC2A6} = {0068A099-ED2D-482E-86A2-55160AD80FA5}
		{BA07C009-9707-46F1-BCD6-5B0DB8F945F9} = {C02BB074-D62D-4869-ABE2-DBD480FED14A}
		{2D128F49-F5E7-4157-96E0-3CDB5E74C901} = {C02BB074-D62D-4869-ABE2-DBD480FED14A}
		{1604C5F4-490A-4383-B1BB-C51B92DD769B} = {C02BB074-D62D-4869-ABE2-DBD480FED14A}
		{29CAE14B-F733-4EE8-B635-3D90750CF526} = {C02BB074-D62D-4869-ABE2-DBD480FED14A}
		{A595927B-552D-4D6B-A3E0-37918408AA97} = {C02BB074-D62D-4869-ABE2-DBD480FED14A}
	EndGlobalSection
EndGlobal
